
Microsoft Visual Studio Solution File, Format Version 12.00
# Visual Studio 15
VisualStudioVersion = 15.0.27703.2042
MinimumVisualStudioVersion = 10.0.40219.1
Project("{9A19103F-16F7-4668-BE54-9A1E7A4F7556}") = "ApiMocker", "ApiMocker\ApiMocker.csproj", "{9F5F8456-6BB4-4666-AFAD-E4CFABCA8348}"
EndProject
Project("{FAE04EC0-301F-11D3-BF4B-00C04F79EFBC}") = "ApiMocker.Tests", "ApiMocker.Tests\ApiMocker.Tests.csproj", "{A7809174-5991-4C25-AACB-BFC02A64E791}"
EndProject
Global
	GlobalSection(SolutionConfigurationPlatforms) = preSolution
		Debug|Any CPU = Debug|Any CPU
		Release|Any CPU = Release|Any CPU
	EndGlobalSection
	GlobalSection(ProjectConfigurationPlatforms) = postSolution
		{9F5F8456-6BB4-4666-AFAD-E4CFABCA8348}.Debug|Any CPU.ActiveCfg = Debug|Any CPU
		{9F5F8456-6BB4-4666-AFAD-E4CFABCA8348}.Debug|Any CPU.Build.0 = Debug|Any CPU
		{9F5F8456-6BB4-4666-AFAD-E4CFABCA8348}.Release|Any CPU.ActiveCfg = Release|Any CPU
		{9F5F8456-6BB4-4666-AFAD-E4CFABCA8348}.Release|Any CPU.Build.0 = Release|Any CPU
		{A7809174-5991-4C25-AACB-BFC02A64E791}.Debug|Any CPU.ActiveCfg = Debug|Any CPU
		{A7809174-5991-4C25-AACB-BFC02A64E791}.Debug|Any CPU.Build.0 = Debug|Any CPU
		{A7809174-5991-4C25-AACB-BFC02A64E791}.Release|Any CPU.ActiveCfg = Release|Any CPU
		{A7809174-5991-4C25-AACB-BFC02A64E791}.Release|Any CPU.Build.0 = Release|Any CPU
	EndGlobalSection
	GlobalSection(SolutionProperties) = preSolution
		HideSolutionNode = FALSE
	EndGlobalSection
	GlobalSection(ExtensibilityGlobals) = postSolution
		SolutionGuid = {E2451C1C-8449-450F-A772-012E4DCD5B26}
	EndGlobalSection
EndGlobal
